
Microsoft Visual Studio Solution File, Format Version 12.00
# Visual Studio Version 16
VisualStudioVersion = 16.0.31025.194
MinimumVisualStudioVersion = 10.0.40219.1
Project("{FAE04EC0-301F-11D3-BF4B-00C04F79EFBC}") = "DakarRally.Net-dusanj", "DakarRally.Net-dusanj.csproj", "{B79994B0-3167-4F62-960A-27C412D202AE}"
EndProject
Project("{9A19103F-16F7-4668-BE54-9A1E7A4F7556}") = "DakarRally.Net-dusanj.Common", "DakarRally.Net-dusanj.Common\DakarRally.Net-dusanj.Common.csproj", "{4FDCD6BF-B72A-419D-A6D3-3FDC2C640700}"
EndProject
Project("{9A19103F-16F7-4668-BE54-9A1E7A4F7556}") = "DakarRally.Net-dusanj.Domain", "DakarRally.Net-dusanj.Domain\DakarRally.Net-dusanj.Domain.csproj", "{2260AF35-375C-4E4F-BFCD-5EC5E054ECA3}"
EndProject
Project("{9A19103F-16F7-4668-BE54-9A1E7A4F7556}") = "DakarRally.Net-dusanj.Service", "DakarRally.Net-dusanj.Service\DakarRally.Net-dusanj.Service.csproj", "{DCA3846A-1D9B-48D1-BDF1-8DBE4BEE7F7B}"
EndProject
Project("{FAE04EC0-301F-11D3-BF4B-00C04F79EFBC}") = "DakarRally.Net-dusanj.Test", "DakarRally.Net-dusanj.Test\DakarRally.Net-dusanj.Test.csproj", "{0B2FA332-7C50-43CE-9482-F871289B2A9E}"
EndProject
Global
	GlobalSection(SolutionConfigurationPlatforms) = preSolution
		Debug|Any CPU = Debug|Any CPU
		Release|Any CPU = Release|Any CPU
	EndGlobalSection
	GlobalSection(ProjectConfigurationPlatforms) = postSolution
		{B79994B0-3167-4F62-960A-27C412D202AE}.Debug|Any CPU.ActiveCfg = Debug|Any CPU
		{B79994B0-3167-4F62-960A-27C412D202AE}.Debug|Any CPU.Build.0 = Debug|Any CPU
		{B79994B0-3167-4F62-960A-27C412D202AE}.Release|Any CPU.ActiveCfg = Release|Any CPU
		{B79994B0-3167-4F62-960A-27C412D202AE}.Release|Any CPU.Build.0 = Release|Any CPU
		{4FDCD6BF-B72A-419D-A6D3-3FDC2C640700}.Debug|Any CPU.ActiveCfg = Debug|Any CPU
		{4FDCD6BF-B72A-419D-A6D3-3FDC2C640700}.Debug|Any CPU.Build.0 = Debug|Any CPU
		{4FDCD6BF-B72A-419D-A6D3-3FDC2C640700}.Release|Any CPU.ActiveCfg = Release|Any CPU
		{4FDCD6BF-B72A-419D-A6D3-3FDC2C640700}.Release|Any CPU.Build.0 = Release|Any CPU
		{2260AF35-375C-4E4F-BFCD-5EC5E054ECA3}.Debug|Any CPU.ActiveCfg = Debug|Any CPU
		{2260AF35-375C-4E4F-BFCD-5EC5E054ECA3}.Debug|Any CPU.Build.0 = Debug|Any CPU
		{2260AF35-375C-4E4F-BFCD-5EC5E054ECA3}.Release|Any CPU.ActiveCfg = Release|Any CPU
		{2260AF35-375C-4E4F-BFCD-5EC5E054ECA3}.Release|Any CPU.Build.0 = Release|Any CPU
		{DCA3846A-1D9B-48D1-BDF1-8DBE4BEE7F7B}.Debug|Any CPU.ActiveCfg = Debug|Any CPU
		{DCA3846A-1D9B-48D1-BDF1-8DBE4BEE7F7B}.Debug|Any CPU.Build.0 = Debug|Any CPU
		{DCA3846A-1D9B-48D1-BDF1-8DBE4BEE7F7B}.Release|Any CPU.ActiveCfg = Release|Any CPU
		{DCA3846A-1D9B-48D1-BDF1-8DBE4BEE7F7B}.Release|Any CPU.Build.0 = Release|Any CPU
		{0B2FA332-7C50-43CE-9482-F871289B2A9E}.Debug|Any CPU.ActiveCfg = Debug|Any CPU
		{0B2FA332-7C50-43CE-9482-F871289B2A9E}.Debug|Any CPU.Build.0 = Debug|Any CPU
		{0B2FA332-7C50-43CE-9482-F871289B2A9E}.Release|Any CPU.ActiveCfg = Release|Any CPU
		{0B2FA332-7C50-43CE-9482-F871289B2A9E}.Release|Any CPU.Build.0 = Release|Any CPU
	EndGlobalSection
	GlobalSection(SolutionProperties) = preSolution
		HideSolutionNode = FALSE
	EndGlobalSection
	GlobalSection(ExtensibilityGlobals) = postSolution
		SolutionGuid = {C5F4975D-38D9-4A8C-917E-D51E0850E9F1}
	EndGlobalSection
EndGlobal
